
Microsoft Visual Studio Solution File, Format Version 12.00
# Visual Studio Version 16
VisualStudioVersion = 16.0.29519.181
MinimumVisualStudioVersion = 10.0.40219.1
Project("{FAE04EC0-301F-11D3-BF4B-00C04F79EFBC}") = "AsyncWorker", "AsyncWorker\AsyncWorker.csproj", "{2E410C0F-E9D7-411C-A863-ABEE9008DAAD}"
EndProject
Global
	GlobalSection(SolutionConfigurationPlatforms) = preSolution
		Debug|Any CPU = Debug|Any CPU
		Release|Any CPU = Release|Any CPU
	EndGlobalSection
	GlobalSection(ProjectConfigurationPlatforms) = postSolution
		{2E410C0F-E9D7-411C-A863-ABEE9008DAAD}.Debug|Any CPU.ActiveCfg = Debug|Any CPU
		{2E410C0F-E9D7-411C-A863-ABEE9008DAAD}.Debug|Any CPU.Build.0 = Debug|Any CPU
		{2E410C0F-E9D7-411C-A863-ABEE9008DAAD}.Release|Any CPU.ActiveCfg = Release|Any CPU
		{2E410C0F-E9D7-411C-A863-ABEE9008DAAD}.Release|Any CPU.Build.0 = Release|Any CPU
	EndGlobalSection
	GlobalSection(SolutionProperties) = preSolution
		HideSolutionNode = FALSE
	EndGlobalSection
	GlobalSection(ExtensibilityGlobals) = postSolution
		SolutionGuid = {E2649D1E-F375-48C0-9CF9-E4F7B97F9B36}
	EndGlobalSection
EndGlobal
